
Microsoft Visual Studio Solution File, Format Version 12.00
# Visual Studio Version 17
VisualStudioVersion = 17.2.32630.192
MinimumVisualStudioVersion = 10.0.40219.1
Project("{FAE04EC0-301F-11D3-BF4B-00C04F79EFBC}") = "ThaiTree", "ThaiTree.csproj", "{72D2AEAC-8154-46B4-9668-69BB386F3B01}"
EndProject
Global
	GlobalSection(SolutionConfigurationPlatforms) = preSolution
		Debug|Any CPU = Debug|Any CPU
		Release|Any CPU = Release|Any CPU
	EndGlobalSection
	GlobalSection(ProjectConfigurationPlatforms) = postSolution
		{72D2AEAC-8154-46B4-9668-69BB386F3B01}.Debug|Any CPU.ActiveCfg = Debug|Any CPU
		{72D2AEAC-8154-46B4-9668-69BB386F3B01}.Debug|Any CPU.Build.0 = Debug|Any CPU
		{72D2AEAC-8154-46B4-9668-69BB386F3B01}.Release|Any CPU.ActiveCfg = Release|Any CPU
		{72D2AEAC-8154-46B4-9668-69BB386F3B01}.Release|Any CPU.Build.0 = Release|Any CPU
	EndGlobalSection
	GlobalSection(SolutionProperties) = preSolution
		HideSolutionNode = FALSE
	EndGlobalSection
	GlobalSection(ExtensibilityGlobals) = postSolution
		SolutionGuid = {83C2B5BB-04C3-4AEE-9DDF-112AA5A9CA1A}
	EndGlobalSection
EndGlobal
